
Microsoft Visual Studio Solution File, Format Version 12.00
# Visual Studio Version 17
VisualStudioVersion = 17.3.32825.248
MinimumVisualStudioVersion = 10.0.40219.1
Project("{9A19103F-16F7-4668-BE54-9A1E7A4F7556}") = "AbstractFactory", "AbstractFactory.csproj", "{69AD8D00-6A01-423D-97CA-B5938284892F}"
EndProject
Global
	GlobalSection(SolutionConfigurationPlatforms) = preSolution
		Debug|Any CPU = Debug|Any CPU
		Release|Any CPU = Release|Any CPU
	EndGlobalSection
	GlobalSection(ProjectConfigurationPlatforms) = postSolution
		{69AD8D00-6A01-423D-97CA-B5938284892F}.Debug|Any CPU.ActiveCfg = Debug|Any CPU
		{69AD8D00-6A01-423D-97CA-B5938284892F}.Debug|Any CPU.Build.0 = Debug|Any CPU
		{69AD8D00-6A01-423D-97CA-B5938284892F}.Release|Any CPU.ActiveCfg = Release|Any CPU
		{69AD8D00-6A01-423D-97CA-B5938284892F}.Release|Any CPU.Build.0 = Release|Any CPU
	EndGlobalSection
	GlobalSection(SolutionProperties) = preSolution
		HideSolutionNode = FALSE
	EndGlobalSection
	GlobalSection(ExtensibilityGlobals) = postSolution
		SolutionGuid = {564B4F0E-AC81-4754-AC91-8B00ECD567CC}
	EndGlobalSection
EndGlobal
